<?xml version="1.0" encoding="utf-8"?>
<Project ToolsVersion="4.0" xmlns="http://schemas.microsoft.com/developer/msbuild/2003">
  <ItemGroup>
    <Filter Include="Source Files">
      <UniqueIdentifier>{4FC737F1-C7A5-4376-A066-2A32D752A2FF}</UniqueIdentifier>
      <Extensions>cpp;c;cc;cxx;def;odl;idl;hpj;bat;asm;asmx</Extensions>
    </Filter>
    <Filter Include="Header Files">
      <UniqueIdentifier>{93995380-89BD-4b04-88EB-625FBE52EBFB}</UniqueIdentifier>
      <Extensions>h;hpp;hxx;hm;inl;inc;xsd</Extensions>
    </Filter>
    <Filter Include="Resource Files">
      <UniqueIdentifier>{67DA6AB6-F800-4c08-8B7A-83BB121AAD01}</UniqueIdentifier>
      <Extensions>rc;ico;cur;bmp;dlg;rc2;rct;bin;rgs;gif;jpg;jpeg;jpe;resx;tiff;tif;png;wav;mfcribbon-ms</Extensions>
    </Filter>
    <Filter Include="Header Files\ShapeHeaders">
      <UniqueIdentifier>{8d952ee3-0e05-4735-bb4d-60203cb4efa0}</UniqueIdentifier>
    </Filter>
    <Filter Include="Source Files\ShapeClasses">
      <UniqueIdentifier>{7b6b4c4c-c415-425d-b089-6675411ef7f3}</UniqueIdentifier>
    </Filter>
    <Filter Include="Source Files\LightClasses">
      <UniqueIdentifier>{1ec2c5b0-c533-429e-8fed-be105fdfd25a}</UniqueIdentifier>
    </Filter>
    <Filter Include="Header Files\LightHeaders">
      <UniqueIdentifier>{f424f1ad-38fa-4702-931c-15c5d37202f0}</UniqueIdentifier>
    </Filter>
    <Filter Include="Header Files\MaterialHeaders">
      <UniqueIdentifier>{feb4aba0-ac79-46e4-b366-600583c46688}</UniqueIdentifier>
    </Filter>
    <Filter Include="Source Files\MaterialClasses">
      <UniqueIdentifier>{d11a1fbb-e76b-4a2b-a507-4ea68c4c4a85}</UniqueIdentifier>
    </Filter>
  </ItemGroup>
  <ItemGroup>
    <None Include="ReadMe.txt" />
  </ItemGroup>
  <ItemGroup>
    <ClInclude Include="stdafx.h">
      <Filter>Header Files</Filter>
    </ClInclude>
    <ClInclude Include="targetver.h">
      <Filter>Header Files</Filter>
    </ClInclude>
    <ClInclude Include="Camera.h">
      <Filter>Header Files</Filter>
    </ClInclude>
    <ClInclude Include="Ray.h">
      <Filter>Header Files</Filter>
    </ClInclude>
    <ClInclude Include="RGB.h">
      <Filter>Header Files</Filter>
    </ClInclude>
    <ClInclude Include="Scene.h">
      <Filter>Header Files</Filter>
    </ClInclude>
    <ClInclude Include="ShadeRay.h">
      <Filter>Header Files</Filter>
    </ClInclude>
    <ClInclude Include="View.h">
      <Filter>Header Files</Filter>
    </ClInclude>
    <ClInclude Include="Tracer.h">
      <Filter>Header Files</Filter>
    </ClInclude>
    <ClInclude Include="GeometricShape.h">
      <Filter>Header Files\ShapeHeaders</Filter>
    </ClInclude>
    <ClInclude Include="Point3D.h">
      <Filter>Header Files\ShapeHeaders</Filter>
    </ClInclude>
    <ClInclude Include="Plane.h">
      <Filter>Header Files\ShapeHeaders</Filter>
    </ClInclude>
    <ClInclude Include="Normal.h">
      <Filter>Header Files\ShapeHeaders</Filter>
    </ClInclude>
    <ClInclude Include="Sphere.h">
      <Filter>Header Files\ShapeHeaders</Filter>
    </ClInclude>
    <ClInclude Include="Triangle.h">
      <Filter>Header Files\ShapeHeaders</Filter>
    </ClInclude>
    <ClInclude Include="Vector.h">
      <Filter>Header Files\ShapeHeaders</Filter>
    </ClInclude>
    <ClInclude Include="Lights.h">
      <Filter>Header Files\LightHeaders</Filter>
    </ClInclude>
    <ClInclude Include="PointLight.h">
      <Filter>Header Files\LightHeaders</Filter>
    </ClInclude>
    <ClInclude Include="Lambert.h">
      <Filter>Header Files\MaterialHeaders</Filter>
    </ClInclude>
    <ClInclude Include="Materials.h">
      <Filter>Header Files\MaterialHeaders</Filter>
    </ClInclude>
    <ClInclude Include="Specular.h">
      <Filter>Header Files\MaterialHeaders</Filter>
    </ClInclude>
    <ClInclude Include="AmbientLight.h">
      <Filter>Header Files\LightHeaders</Filter>
    </ClInclude>
    <ClInclude Include="BoundingBox.h">
      <Filter>Header Files\ShapeHeaders</Filter>
    </ClInclude>
  </ItemGroup>
  <ItemGroup>
    <ClCompile Include="stdafx.cpp">
      <Filter>Source Files</Filter>
    </ClCompile>
    <ClCompile Include="RayTracer.cpp">
      <Filter>Source Files</Filter>
    </ClCompile>
    <ClCompile Include="Camera.cpp">
      <Filter>Source Files</Filter>
    </ClCompile>
    <ClCompile Include="Ray.cpp">
      <Filter>Source Files</Filter>
    </ClCompile>
    <ClCompile Include="RGB.cpp">
      <Filter>Source Files</Filter>
    </ClCompile>
    <ClCompile Include="Scene.cpp">
      <Filter>Source Files</Filter>
    </ClCompile>
    <ClCompile Include="ShadeRay.cpp">
      <Filter>Source Files</Filter>
    </ClCompile>
    <ClCompile Include="View.cpp">
      <Filter>Source Files</Filter>
    </ClCompile>
    <ClCompile Include="Tracer.cpp">
      <Filter>Source Files</Filter>
    </ClCompile>
    <ClCompile Include="GeometricShape.cpp">
      <Filter>Source Files\ShapeClasses</Filter>
    </ClCompile>
    <ClCompile Include="Normal.cpp">
      <Filter>Source Files\ShapeClasses</Filter>
    </ClCompile>
    <ClCompile Include="Plane.cpp">
      <Filter>Source Files\ShapeClasses</Filter>
    </ClCompile>
    <ClCompile Include="Point3D.cpp">
      <Filter>Source Files\ShapeClasses</Filter>
    </ClCompile>
    <ClCompile Include="Sphere.cpp">
      <Filter>Source Files\ShapeClasses</Filter>
    </ClCompile>
    <ClCompile Include="Triangle.cpp">
      <Filter>Source Files\ShapeClasses</Filter>
    </ClCompile>
    <ClCompile Include="Vector.cpp">
      <Filter>Source Files\ShapeClasses</Filter>
    </ClCompile>
    <ClCompile Include="Lights.cpp">
      <Filter>Source Files\LightClasses</Filter>
    </ClCompile>
    <ClCompile Include="PointLight.cpp">
      <Filter>Source Files\LightClasses</Filter>
    </ClCompile>
    <ClCompile Include="Lambert.cpp">
      <Filter>Source Files\MaterialClasses</Filter>
    </ClCompile>
    <ClCompile Include="Materials.cpp">
      <Filter>Source Files\MaterialClasses</Filter>
    </ClCompile>
    <ClCompile Include="Specular.cpp">
      <Filter>Source Files\MaterialClasses</Filter>
    </ClCompile>
    <ClCompile Include="AmbientLight.cpp">
      <Filter>Source Files\LightClasses</Filter>
    </ClCompile>
    <ClCompile Include="BoundingBox.cpp">
      <Filter>Source Files\ShapeClasses</Filter>
    </ClCompile>
  </ItemGroup>
</Project>